
Microsoft Visual Studio Solution File, Format Version 12.00
# Visual Studio Version 17
VisualStudioVersion = 17.7.34024.191
MinimumVisualStudioVersion = 10.0.40219.1
Project("{FAE04EC0-301F-11D3-BF4B-00C04F79EFBC}") = "NotatkiJakies.Android", "NotatkiJakies.Android\NotatkiJakies.Android.csproj", "{980C3B37-F8FD-4214-AF55-DF2899F01005}"
EndProject
Project("{FAE04EC0-301F-11D3-BF4B-00C04F79EFBC}") = "NotatkiJakies", "NotatkiJakies\NotatkiJakies.csproj", "{58811272-BF91-4E9F-9E7B-E2056C76B100}"
EndProject
Global
	GlobalSection(SolutionConfigurationPlatforms) = preSolution
		Debug|Any CPU = Debug|Any CPU
		Release|Any CPU = Release|Any CPU
	EndGlobalSection
	GlobalSection(ProjectConfigurationPlatforms) = postSolution
		{980C3B37-F8FD-4214-AF55-DF2899F01005}.Debug|Any CPU.ActiveCfg = Debug|Any CPU
		{980C3B37-F8FD-4214-AF55-DF2899F01005}.Debug|Any CPU.Build.0 = Debug|Any CPU
		{980C3B37-F8FD-4214-AF55-DF2899F01005}.Debug|Any CPU.Deploy.0 = Debug|Any CPU
		{980C3B37-F8FD-4214-AF55-DF2899F01005}.Release|Any CPU.ActiveCfg = Release|Any CPU
		{980C3B37-F8FD-4214-AF55-DF2899F01005}.Release|Any CPU.Build.0 = Release|Any CPU
		{980C3B37-F8FD-4214-AF55-DF2899F01005}.Release|Any CPU.Deploy.0 = Release|Any CPU
		{58811272-BF91-4E9F-9E7B-E2056C76B100}.Debug|Any CPU.ActiveCfg = Debug|Any CPU
		{58811272-BF91-4E9F-9E7B-E2056C76B100}.Debug|Any CPU.Build.0 = Debug|Any CPU
		{58811272-BF91-4E9F-9E7B-E2056C76B100}.Debug|Any CPU.Deploy.0 = Debug|Any CPU
		{58811272-BF91-4E9F-9E7B-E2056C76B100}.Release|Any CPU.ActiveCfg = Release|Any CPU
		{58811272-BF91-4E9F-9E7B-E2056C76B100}.Release|Any CPU.Build.0 = Release|Any CPU
		{58811272-BF91-4E9F-9E7B-E2056C76B100}.Release|Any CPU.Deploy.0 = Release|Any CPU
	EndGlobalSection
	GlobalSection(SolutionProperties) = preSolution
		HideSolutionNode = FALSE
	EndGlobalSection
	GlobalSection(ExtensibilityGlobals) = postSolution
		SolutionGuid = {68C2CA8A-83B7-4F23-8B68-7E7C8AD19340}
	EndGlobalSection
EndGlobal
